
Microsoft Visual Studio Solution File, Format Version 12.00
# Visual Studio 15
VisualStudioVersion = 15.0.26430.12
MinimumVisualStudioVersion = 10.0.40219.1
Project("{2150E333-8FDC-42A3-9474-1A3956D46DE8}") = "src", "src", "{2A3A922E-208C-4401-9757-CA6EE9AF604C}"
EndProject
Project("{2150E333-8FDC-42A3-9474-1A3956D46DE8}") = "Solution Items", "Solution Items", "{EC089450-F3AA-4165-A213-264E345C6A5D}"
EndProject
Project("{9A19103F-16F7-4668-BE54-9A1E7A4F7556}") = "ScoreIT", "src\ScoreIT\ScoreIT.csproj", "{C303E3B7-4F57-47C4-9974-E2AFD1EFC24C}"
EndProject
Global
	GlobalSection(SolutionConfigurationPlatforms) = preSolution
		Debug|Any CPU = Debug|Any CPU
		Release|Any CPU = Release|Any CPU
	EndGlobalSection
	GlobalSection(ProjectConfigurationPlatforms) = postSolution
		{C303E3B7-4F57-47C4-9974-E2AFD1EFC24C}.Debug|Any CPU.ActiveCfg = Debug|Any CPU
		{C303E3B7-4F57-47C4-9974-E2AFD1EFC24C}.Debug|Any CPU.Build.0 = Debug|Any CPU
		{C303E3B7-4F57-47C4-9974-E2AFD1EFC24C}.Release|Any CPU.ActiveCfg = Release|Any CPU
		{C303E3B7-4F57-47C4-9974-E2AFD1EFC24C}.Release|Any CPU.Build.0 = Release|Any CPU
	EndGlobalSection
	GlobalSection(SolutionProperties) = preSolution
		HideSolutionNode = FALSE
	EndGlobalSection
	GlobalSection(NestedProjects) = preSolution
		{C303E3B7-4F57-47C4-9974-E2AFD1EFC24C} = {2A3A922E-208C-4401-9757-CA6EE9AF604C}
	EndGlobalSection
EndGlobal
